
Microsoft Visual Studio Solution File, Format Version 12.00
# Visual Studio 15
VisualStudioVersion = 15.0.27703.2018
MinimumVisualStudioVersion = 10.0.40219.1
Project("{9092AA53-FB77-4645-B42D-1CCCA6BD08BD}") = "ExpressApp", "ExpressApp\ExpressApp.njsproj", "{916149B3-CB5A-4625-B434-2D5530CA1FA5}"
EndProject
Global
	GlobalSection(SolutionConfigurationPlatforms) = preSolution
		Debug|Any CPU = Debug|Any CPU
		Release|Any CPU = Release|Any CPU
	EndGlobalSection
	GlobalSection(ProjectConfigurationPlatforms) = postSolution
		{916149B3-CB5A-4625-B434-2D5530CA1FA5}.Debug|Any CPU.ActiveCfg = Debug|Any CPU
		{916149B3-CB5A-4625-B434-2D5530CA1FA5}.Debug|Any CPU.Build.0 = Debug|Any CPU
		{916149B3-CB5A-4625-B434-2D5530CA1FA5}.Release|Any CPU.ActiveCfg = Release|Any CPU
		{916149B3-CB5A-4625-B434-2D5530CA1FA5}.Release|Any CPU.Build.0 = Release|Any CPU
	EndGlobalSection
	GlobalSection(SolutionProperties) = preSolution
		HideSolutionNode = FALSE
	EndGlobalSection
	GlobalSection(ExtensibilityGlobals) = postSolution
		SolutionGuid = {3089B5AC-A409-4AC5-BDFC-6CEB0D4ACD75}
	EndGlobalSection
EndGlobal
